
Microsoft Visual Studio Solution File, Format Version 12.00
# Visual Studio Version 17
VisualStudioVersion = 17.6.33513.286
MinimumVisualStudioVersion = 10.0.40219.1
Project("{FAE04EC0-301F-11D3-BF4B-00C04F79EFBC}") = "EuphoriaInfotech", "EuphoriaInfotech.csproj", "{AC545107-CE95-40B6-879F-C379FDBC570F}"
EndProject
Global
	GlobalSection(SolutionConfigurationPlatforms) = preSolution
		Debug|Any CPU = Debug|Any CPU
		Release|Any CPU = Release|Any CPU
	EndGlobalSection
	GlobalSection(ProjectConfigurationPlatforms) = postSolution
		{AC545107-CE95-40B6-879F-C379FDBC570F}.Debug|Any CPU.ActiveCfg = Debug|Any CPU
		{AC545107-CE95-40B6-879F-C379FDBC570F}.Debug|Any CPU.Build.0 = Debug|Any CPU
		{AC545107-CE95-40B6-879F-C379FDBC570F}.Release|Any CPU.ActiveCfg = Release|Any CPU
		{AC545107-CE95-40B6-879F-C379FDBC570F}.Release|Any CPU.Build.0 = Release|Any CPU
	EndGlobalSection
	GlobalSection(SolutionProperties) = preSolution
		HideSolutionNode = FALSE
	EndGlobalSection
	GlobalSection(ExtensibilityGlobals) = postSolution
		SolutionGuid = {B0E1395B-30E8-4267-B7EC-1674E5962BCE}
	EndGlobalSection
EndGlobal
